// !$*UTF8*$!
{
	archiveVersion = 1;
	classes = {
	};
	objectVersion = 77;
	objects = {

/* Begin PBXBuildFile section */
		7427EBDF2DB9521E0085DF87 /* WidgetKit.framework in Frameworks */ = {isa = PBXBuildFile; fileRef = 7427EBDE2DB9521E0085DF87 /* WidgetKit.framework */; };
		7427EBE12DB9521E0085DF87 /* SwiftUI.framework in Frameworks */ = {isa = PBXBuildFile; fileRef = 7427EBE02DB9521E0085DF87 /* SwiftUI.framework */; };
		7427EBEE2DB952210085DF87 /* WaitlistDemoExtension.appex in Embed Foundation Extensions */ = {isa = PBXBuildFile; fileRef = 7427EBDC2DB9521E0085DF87 /* WaitlistDemoExtension.appex */; settings = {ATTRIBUTES = (RemoveHeadersOnCopy, ); }; };
/* End PBXBuildFile section */

/* Begin PBXContainerItemProxy section */
		7427EBEC2DB952210085DF87 /* PBXContainerItemProxy */ = {
			isa = PBXContainerItemProxy;
			containerPortal = 7427EBBF2DB951C10085DF87 /* Project object */;
			proxyType = 1;
			remoteGlobalIDString = 7427EBDB2DB9521E0085DF87;
			remoteInfo = WaitlistDemoExtension;
		};
/* End PBXContainerItemProxy section */

/* Begin PBXCopyFilesBuildPhase section */
		7427EBF32DB952210085DF87 /* Embed Foundation Extensions */ = {
			isa = PBXCopyFilesBuildPhase;
			buildActionMask = 2147483647;
			dstPath = "";
			dstSubfolderSpec = 13;
			files = (
				7427EBEE2DB952210085DF87 /* WaitlistDemoExtension.appex in Embed Foundation Extensions */,
			);
			name = "Embed Foundation Extensions";
			runOnlyForDeploymentPostprocessing = 0;
		};
/* End PBXCopyFilesBuildPhase section */

/* Begin PBXFileReference section */
		7427EBC72DB951C10085DF87 /* DinamicIsland.app */ = {isa = PBXFileReference; explicitFileType = wrapper.application; includeInIndex = 0; path = DinamicIsland.app; sourceTree = BUILT_PRODUCTS_DIR; };
		7427EBDC2DB9521E0085DF87 /* WaitlistDemoExtension.appex */ = {isa = PBXFileReference; explicitFileType = "wrapper.app-extension"; includeInIndex = 0; path = WaitlistDemoExtension.appex; sourceTree = BUILT_PRODUCTS_DIR; };
		7427EBDE2DB9521E0085DF87 /* WidgetKit.framework */ = {isa = PBXFileReference; lastKnownFileType = wrapper.framework; name = WidgetKit.framework; path = System/Library/Frameworks/WidgetKit.framework; sourceTree = SDKROOT; };
		7427EBE02DB9521E0085DF87 /* SwiftUI.framework */ = {isa = PBXFileReference; lastKnownFileType = wrapper.framework; name = SwiftUI.framework; path = System/Library/Frameworks/SwiftUI.framework; sourceTree = SDKROOT; };
/* End PBXFileReference section */

/* Begin PBXFileSystemSynchronizedBuildFileExceptionSet section */
		7427EBEF2DB952210085DF87 /* Exceptions for "WaitlistDemo" folder in "WaitlistDemoExtension" target */ = {
			isa = PBXFileSystemSynchronizedBuildFileExceptionSet;
			membershipExceptions = (
				Info.plist,
			);
			target = 7427EBDB2DB9521E0085DF87 /* WaitlistDemoExtension */;
		};
		743E3E1F2DBA2A7200ECB38B /* Exceptions for "WaitlistDemo" folder in "DinamicIsland" target */ = {
			isa = PBXFileSystemSynchronizedBuildFileExceptionSet;
			membershipExceptions = (
				Assets.xcassets,
				LiveActivityContent.swift,
				LiveActivityManger.swift,
				WaitlistAttributes.swift,
				WaitTimeLiveActivityWidget.swift,
			);
			target = 7427EBC62DB951C10085DF87 /* DinamicIsland */;
		};
		743E3E222DBA38BC00ECB38B /* Exceptions for "DinamicIsland" folder in "DinamicIsland" target */ = {
			isa = PBXFileSystemSynchronizedBuildFileExceptionSet;
			membershipExceptions = (
				Info.plist,
			);
			target = 7427EBC62DB951C10085DF87 /* DinamicIsland */;
		};
		743E3E2C2DBAA92F00ECB38B /* Exceptions for "DinamicIsland" folder in "WaitlistDemoExtension" target */ = {
			isa = PBXFileSystemSynchronizedBuildFileExceptionSet;
			membershipExceptions = (
				ContentView.swift,
			);
			target = 7427EBDB2DB9521E0085DF87 /* WaitlistDemoExtension */;
		};
/* End PBXFileSystemSynchronizedBuildFileExceptionSet section */

/* Begin PBXFileSystemSynchronizedRootGroup section */
		7427EBC92DB951C10085DF87 /* DinamicIsland */ = {
			isa = PBXFileSystemSynchronizedRootGroup;
			exceptions = (
				743E3E222DBA38BC00ECB38B /* Exceptions for "DinamicIsland" folder in "DinamicIsland" target */,
				743E3E2C2DBAA92F00ECB38B /* Exceptions for "DinamicIsland" folder in "WaitlistDemoExtension" target */,
			);
			path = DinamicIsland;
			sourceTree = "<group>";
		};
		7427EBE22DB9521E0085DF87 /* WaitlistDemo */ = {
			isa = PBXFileSystemSynchronizedRootGroup;
			exceptions = (
				743E3E1F2DBA2A7200ECB38B /* Exceptions for "WaitlistDemo" folder in "DinamicIsland" target */,
				7427EBEF2DB952210085DF87 /* Exceptions for "WaitlistDemo" folder in "WaitlistDemoExtension" target */,
			);
			path = WaitlistDemo;
			sourceTree = "<group>";
		};
/* End PBXFileSystemSynchronizedRootGroup section */

/* Begin PBXFrameworksBuildPhase section */
		7427EBC42DB951C10085DF87 /* Frameworks */ = {
			isa = PBXFrameworksBuildPhase;
			buildActionMask = 2147483647;
			files = (
			);
			runOnlyForDeploymentPostprocessing = 0;
		};
		7427EBD92DB9521E0085DF87 /* Frameworks */ = {
			isa = PBXFrameworksBuildPhase;
			buildActionMask = 2147483647;
			files = (
				7427EBE12DB9521E0085DF87 /* SwiftUI.framework in Frameworks */,
				7427EBDF2DB9521E0085DF87 /* WidgetKit.framework in Frameworks */,
			);
			runOnlyForDeploymentPostprocessing = 0;
		};
/* End PBXFrameworksBuildPhase section */

/* Begin PBXGroup section */
		7427EBBE2DB951C10085DF87 = {
			isa = PBXGroup;
			children = (
				7427EBC92DB951C10085DF87 /* DinamicIsland */,
				7427EBE22DB9521E0085DF87 /* WaitlistDemo */,
				7427EBDD2DB9521E0085DF87 /* Frameworks */,
				7427EBC82DB951C10085DF87 /* Products */,
			);
			sourceTree = "<group>";
		};
		7427EBC82DB951C10085DF87 /* Products */ = {
			isa = PBXGroup;
			children = (
				7427EBC72DB951C10085DF87 /* DinamicIsland.app */,
				7427EBDC2DB9521E0085DF87 /* WaitlistDemoExtension.appex */,
			);
			name = Products;
			sourceTree = "<group>";
		};
		7427EBDD2DB9521E0085DF87 /* Frameworks */ = {
			isa = PBXGroup;
			children = (
				7427EBDE2DB9521E0085DF87 /* WidgetKit.framework */,
				7427EBE02DB9521E0085DF87 /* SwiftUI.framework */,
			);
			name = Frameworks;
			sourceTree = "<group>";
		};
/* End PBXGroup section */

/* Begin PBXNativeTarget section */
		7427EBC62DB951C10085DF87 /* DinamicIsland */ = {
			isa = PBXNativeTarget;
			buildConfigurationList = 7427EBD52DB951C30085DF87 /* Build configuration list for PBXNativeTarget "DinamicIsland" */;
			buildPhases = (
				7427EBC32DB951C10085DF87 /* Sources */,
				7427EBC42DB951C10085DF87 /* Frameworks */,
				7427EBC52DB951C10085DF87 /* Resources */,
				7427EBF32DB952210085DF87 /* Embed Foundation Extensions */,
			);
			buildRules = (
			);
			dependencies = (
				7427EBED2DB952210085DF87 /* PBXTargetDependency */,
			);
			fileSystemSynchronizedGroups = (
				7427EBC92DB951C10085DF87 /* DinamicIsland */,
			);
			name = DinamicIsland;
			packageProductDependencies = (
			);
			productName = DinamicIsland;
			productReference = 7427EBC72DB951C10085DF87 /* DinamicIsland.app */;
			productType = "com.apple.product-type.application";
		};
		7427EBDB2DB9521E0085DF87 /* WaitlistDemoExtension */ = {
			isa = PBXNativeTarget;
			buildConfigurationList = 7427EBF02DB952210085DF87 /* Build configuration list for PBXNativeTarget "WaitlistDemoExtension" */;
			buildPhases = (
				7427EBD82DB9521E0085DF87 /* Sources */,
				7427EBD92DB9521E0085DF87 /* Frameworks */,
				7427EBDA2DB9521E0085DF87 /* Resources */,
			);
			buildRules = (
			);
			dependencies = (
			);
			fileSystemSynchronizedGroups = (
				7427EBE22DB9521E0085DF87 /* WaitlistDemo */,
			);
			name = WaitlistDemoExtension;
			packageProductDependencies = (
			);
			productName = WaitlistDemoExtension;
			productReference = 7427EBDC2DB9521E0085DF87 /* WaitlistDemoExtension.appex */;
			productType = "com.apple.product-type.app-extension";
		};
/* End PBXNativeTarget section */

/* Begin PBXProject section */
		7427EBBF2DB951C10085DF87 /* Project object */ = {
			isa = PBXProject;
			attributes = {
				BuildIndependentTargetsInParallel = 1;
				LastSwiftUpdateCheck = 1620;
				LastUpgradeCheck = 1620;
				TargetAttributes = {
					7427EBC62DB951C10085DF87 = {
						CreatedOnToolsVersion = 16.2;
					};
					7427EBDB2DB9521E0085DF87 = {
						CreatedOnToolsVersion = 16.2;
					};
				};
			};
			buildConfigurationList = 7427EBC22DB951C10085DF87 /* Build configuration list for PBXProject "DinamicIsland" */;
			developmentRegion = en;
			hasScannedForEncodings = 0;
			knownRegions = (
				en,
				Base,
			);
			mainGroup = 7427EBBE2DB951C10085DF87;
			minimizedProjectReferenceProxies = 1;
			preferredProjectObjectVersion = 77;
			productRefGroup = 7427EBC82DB951C10085DF87 /* Products */;
			projectDirPath = "";
			projectRoot = "";
			targets = (
				7427EBC62DB951C10085DF87 /* DinamicIsland */,
				7427EBDB2DB9521E0085DF87 /* WaitlistDemoExtension */,
			);
		};
/* End PBXProject section */

/* Begin PBXResourcesBuildPhase section */
		7427EBC52DB951C10085DF87 /* Resources */ = {
			isa = PBXResourcesBuildPhase;
			buildActionMask = 2147483647;
			files = (
			);
			runOnlyForDeploymentPostprocessing = 0;
		};
		7427EBDA2DB9521E0085DF87 /* Resources */ = {
			isa = PBXResourcesBuildPhase;
			buildActionMask = 2147483647;
			files = (
			);
			runOnlyForDeploymentPostprocessing = 0;
		};
/* End PBXResourcesBuildPhase section */

/* Begin PBXSourcesBuildPhase section */
		7427EBC32DB951C10085DF87 /* Sources */ = {
			isa = PBXSourcesBuildPhase;
			buildActionMask = 2147483647;
			files = (
			);
			runOnlyForDeploymentPostprocessing = 0;
		};
		7427EBD82DB9521E0085DF87 /* Sources */ = {
			isa = PBXSourcesBuildPhase;
			buildActionMask = 2147483647;
			files = (
			);
			runOnlyForDeploymentPostprocessing = 0;
		};
/* End PBXSourcesBuildPhase section */

/* Begin PBXTargetDependency section */
		7427EBED2DB952210085DF87 /* PBXTargetDependency */ = {
			isa = PBXTargetDependency;
			target = 7427EBDB2DB9521E0085DF87 /* WaitlistDemoExtension */;
			targetProxy = 7427EBEC2DB952210085DF87 /* PBXContainerItemProxy */;
		};
/* End PBXTargetDependency section */

/* Begin XCBuildConfiguration section */
		7427EBD32DB951C30085DF87 /* Debug */ = {
			isa = XCBuildConfiguration;
			buildSettings = {
				ALWAYS_SEARCH_USER_PATHS = NO;
				ASSETCATALOG_COMPILER_GENERATE_SWIFT_ASSET_SYMBOL_EXTENSIONS = YES;
				CLANG_ANALYZER_NONNULL = YES;
				CLANG_ANALYZER_NUMBER_OBJECT_CONVERSION = YES_AGGRESSIVE;
				CLANG_CXX_LANGUAGE_STANDARD = "gnu++20";
				CLANG_ENABLE_MODULES = YES;
				CLANG_ENABLE_OBJC_ARC = YES;
				CLANG_ENABLE_OBJC_WEAK = YES;
				CLANG_WARN_BLOCK_CAPTURE_AUTORELEASING = YES;
				CLANG_WARN_BOOL_CONVERSION = YES;
				CLANG_WARN_COMMA = YES;
				CLANG_WARN_CONSTANT_CONVERSION = YES;
				CLANG_WARN_DEPRECATED_OBJC_IMPLEMENTATIONS = YES;
				CLANG_WARN_DIRECT_OBJC_ISA_USAGE = YES_ERROR;
				CLANG_WARN_DOCUMENTATION_COMMENTS = YES;
				CLANG_WARN_EMPTY_BODY = YES;
				CLANG_WARN_ENUM_CONVERSION = YES;
				CLANG_WARN_INFINITE_RECURSION = YES;
				CLANG_WARN_INT_CONVERSION = YES;
				CLANG_WARN_NON_LITERAL_NULL_CONVERSION = YES;
				CLANG_WARN_OBJC_IMPLICIT_RETAIN_SELF = YES;
				CLANG_WARN_OBJC_LITERAL_CONVERSION = YES;
				CLANG_WARN_OBJC_ROOT_CLASS = YES_ERROR;
				CLANG_WARN_QUOTED_INCLUDE_IN_FRAMEWORK_HEADER = YES;
				CLANG_WARN_RANGE_LOOP_ANALYSIS = YES;
				CLANG_WARN_STRICT_PROTOTYPES = YES;
				CLANG_WARN_SUSPICIOUS_MOVE = YES;
				CLANG_WARN_UNGUARDED_AVAILABILITY = YES_AGGRESSIVE;
				CLANG_WARN_UNREACHABLE_CODE = YES;
				CLANG_WARN__DUPLICATE_METHOD_MATCH = YES;
				COPY_PHASE_STRIP = NO;
				DEBUG_INFORMATION_FORMAT = dwarf;
				ENABLE_STRICT_OBJC_MSGSEND = YES;
				ENABLE_TESTABILITY = YES;
				ENABLE_USER_SCRIPT_SANDBOXING = YES;
				GCC_C_LANGUAGE_STANDARD = gnu17;
				GCC_DYNAMIC_NO_PIC = NO;
				GCC_NO_COMMON_BLOCKS = YES;
				GCC_OPTIMIZATION_LEVEL = 0;
				GCC_PREPROCESSOR_DEFINITIONS = (
					"DEBUG=1",
					"$(inherited)",
				);
				GCC_WARN_64_TO_32_BIT_CONVERSION = YES;
				GCC_WARN_ABOUT_RETURN_TYPE = YES_ERROR;
				GCC_WARN_UNDECLARED_SELECTOR = YES;
				GCC_WARN_UNINITIALIZED_AUTOS = YES_AGGRESSIVE;
				GCC_WARN_UNUSED_FUNCTION = YES;
				GCC_WARN_UNUSED_VARIABLE = YES;
				IPHONEOS_DEPLOYMENT_TARGET = 18.2;
				LOCALIZATION_PREFERS_STRING_CATALOGS = YES;
				MTL_ENABLE_DEBUG_INFO = INCLUDE_SOURCE;
				MTL_FAST_MATH = YES;
				ONLY_ACTIVE_ARCH = YES;
				SDKROOT = iphoneos;
				SWIFT_ACTIVE_COMPILATION_CONDITIONS = "DEBUG $(inherited)";
				SWIFT_OPTIMIZATION_LEVEL = "-Onone";
			};
			name = Debug;
		};
		7427EBD42DB951C30085DF87 /* Release */ = {
			isa = XCBuildConfiguration;
			buildSettings = {
				ALWAYS_SEARCH_USER_PATHS = NO;
				ASSETCATALOG_COMPILER_GENERATE_SWIFT_ASSET_SYMBOL_EXTENSIONS = YES;
				CLANG_ANALYZER_NONNULL = YES;
				CLANG_ANALYZER_NUMBER_OBJECT_CONVERSION = YES_AGGRESSIVE;
				CLANG_CXX_LANGUAGE_STANDARD = "gnu++20";
				CLANG_ENABLE_MODULES = YES;
				CLANG_ENABLE_OBJC_ARC = YES;
				CLANG_ENABLE_OBJC_WEAK = YES;
				CLANG_WARN_BLOCK_CAPTURE_AUTORELEASING = YES;
				CLANG_WARN_BOOL_CONVERSION = YES;
				CLANG_WARN_COMMA = YES;
				CLANG_WARN_CONSTANT_CONVERSION = YES;
				CLANG_WARN_DEPRECATED_OBJC_IMPLEMENTATIONS = YES;
				CLANG_WARN_DIRECT_OBJC_ISA_USAGE = YES_ERROR;
				CLANG_WARN_DOCUMENTATION_COMMENTS = YES;
				CLANG_WARN_EMPTY_BODY = YES;
				CLANG_WARN_ENUM_CONVERSION = YES;
				CLANG_WARN_INFINITE_RECURSION = YES;
				CLANG_WARN_INT_CONVERSION = YES;
				CLANG_WARN_NON_LITERAL_NULL_CONVERSION = YES;
				CLANG_WARN_OBJC_IMPLICIT_RETAIN_SELF = YES;
				CLANG_WARN_OBJC_LITERAL_CONVERSION = YES;
				CLANG_WARN_OBJC_ROOT_CLASS = YES_ERROR;
				CLANG_WARN_QUOTED_INCLUDE_IN_FRAMEWORK_HEADER = YES;
				CLANG_WARN_RANGE_LOOP_ANALYSIS = YES;
				CLANG_WARN_STRICT_PROTOTYPES = YES;
				CLANG_WARN_SUSPICIOUS_MOVE = YES;
				CLANG_WARN_UNGUARDED_AVAILABILITY = YES_AGGRESSIVE;
				CLANG_WARN_UNREACHABLE_CODE = YES;
				CLANG_WARN__DUPLICATE_METHOD_MATCH = YES;
				COPY_PHASE_STRIP = NO;
				DEBUG_INFORMATION_FORMAT = "dwarf-with-dsym";
				ENABLE_NS_ASSERTIONS = NO;
				ENABLE_STRICT_OBJC_MSGSEND = YES;
				ENABLE_USER_SCRIPT_SANDBOXING = YES;
				GCC_C_LANGUAGE_STANDARD = gnu17;
				GCC_NO_COMMON_BLOCKS = YES;
				GCC_WARN_64_TO_32_BIT_CONVERSION = YES;
				GCC_WARN_ABOUT_RETURN_TYPE = YES_ERROR;
				GCC_WARN_UNDECLARED_SELECTOR = YES;
				GCC_WARN_UNINITIALIZED_AUTOS = YES_AGGRESSIVE;
				GCC_WARN_UNUSED_FUNCTION = YES;
				GCC_WARN_UNUSED_VARIABLE = YES;
				IPHONEOS_DEPLOYMENT_TARGET = 18.2;
				LOCALIZATION_PREFERS_STRING_CATALOGS = YES;
				MTL_ENABLE_DEBUG_INFO = NO;
				MTL_FAST_MATH = YES;
				SDKROOT = iphoneos;
				SWIFT_COMPILATION_MODE = wholemodule;
				VALIDATE_PRODUCT = YES;
			};
			name = Release;
		};
		7427EBD62DB951C30085DF87 /* Debug */ = {
			isa = XCBuildConfiguration;
			buildSettings = {
				ASSETCATALOG_COMPILER_APPICON_NAME = AppIcon;
				ASSETCATALOG_COMPILER_GLOBAL_ACCENT_COLOR_NAME = AccentColor;
				CODE_SIGN_STYLE = Automatic;
				CURRENT_PROJECT_VERSION = 1;
				DEVELOPMENT_ASSET_PATHS = "\"DinamicIsland/Preview Content\"";
				DEVELOPMENT_TEAM = Q78S6VPV62;
				ENABLE_PREVIEWS = YES;
				GENERATE_INFOPLIST_FILE = YES;
				INFOPLIST_FILE = DinamicIsland/Info.plist;
				INFOPLIST_KEY_NSSupportsLiveActivities = YES;
				INFOPLIST_KEY_UIApplicationSceneManifest_Generation = YES;
				INFOPLIST_KEY_UIApplicationSupportsIndirectInputEvents = YES;
				INFOPLIST_KEY_UILaunchScreen_Generation = YES;
				INFOPLIST_KEY_UISupportedInterfaceOrientations_iPad = "UIInterfaceOrientationPortrait UIInterfaceOrientationPortraitUpsideDown UIInterfaceOrientationLandscapeLeft UIInterfaceOrientationLandscapeRight";
				INFOPLIST_KEY_UISupportedInterfaceOrientations_iPhone = "UIInterfaceOrientationPortrait UIInterfaceOrientationLandscapeLeft UIInterfaceOrientationLandscapeRight";
				LD_RUNPATH_SEARCH_PATHS = (
					"$(inherited)",
					"@executable_path/Frameworks",
				);
				MARKETING_VERSION = 1.0;
				PRODUCT_BUNDLE_IDENTIFIER = Desarrollo.DinamicIsland;
				PRODUCT_NAME = "$(TARGET_NAME)";
				SWIFT_EMIT_LOC_STRINGS = YES;
				SWIFT_VERSION = 5.0;
				TARGETED_DEVICE_FAMILY = "1,2";
			};
			name = Debug;
		};
		7427EBD72DB951C30085DF87 /* Release */ = {
			isa = XCBuildConfiguration;
			buildSettings = {
				ASSETCATALOG_COMPILER_APPICON_NAME = AppIcon;
				ASSETCATALOG_COMPILER_GLOBAL_ACCENT_COLOR_NAME = AccentColor;
				CODE_SIGN_STYLE = Automatic;
				CURRENT_PROJECT_VERSION = 1;
				DEVELOPMENT_ASSET_PATHS = "\"DinamicIsland/Preview Content\"";
				DEVELOPMENT_TEAM = Q78S6VPV62;
				ENABLE_PREVIEWS = YES;
				GENERATE_INFOPLIST_FILE = YES;
				INFOPLIST_FILE = DinamicIsland/Info.plist;
				INFOPLIST_KEY_NSSupportsLiveActivities = YES;
				INFOPLIST_KEY_UIApplicationSceneManifest_Generation = YES;
				INFOPLIST_KEY_UIApplicationSupportsIndirectInputEvents = YES;
				INFOPLIST_KEY_UILaunchScreen_Generation = YES;
				INFOPLIST_KEY_UISupportedInterfaceOrientations_iPad = "UIInterfaceOrientationPortrait UIInterfaceOrientationPortraitUpsideDown UIInterfaceOrientationLandscapeLeft UIInterfaceOrientationLandscapeRight";
				INFOPLIST_KEY_UISupportedInterfaceOrientations_iPhone = "UIInterfaceOrientationPortrait UIInterfaceOrientationLandscapeLeft UIInterfaceOrientationLandscapeRight";
				LD_RUNPATH_SEARCH_PATHS = (
					"$(inherited)",
					"@executable_path/Frameworks",
				);
				MARKETING_VERSION = 1.0;
				PRODUCT_BUNDLE_IDENTIFIER = Desarrollo.DinamicIsland;
				PRODUCT_NAME = "$(TARGET_NAME)";
				SWIFT_EMIT_LOC_STRINGS = YES;
				SWIFT_VERSION = 5.0;
				TARGETED_DEVICE_FAMILY = "1,2";
			};
			name = Release;
		};
		7427EBF12DB952210085DF87 /* Debug */ = {
			isa = XCBuildConfiguration;
			buildSettings = {
				ASSETCATALOG_COMPILER_GLOBAL_ACCENT_COLOR_NAME = AccentColor;
				ASSETCATALOG_COMPILER_WIDGET_BACKGROUND_COLOR_NAME = WidgetBackground;
				CODE_SIGN_STYLE = Automatic;
				CURRENT_PROJECT_VERSION = 1;
				DEVELOPMENT_TEAM = Q78S6VPV62;
				GENERATE_INFOPLIST_FILE = YES;
				INFOPLIST_FILE = WaitlistDemo/Info.plist;
				INFOPLIST_KEY_CFBundleDisplayName = WaitlistDemo;
				INFOPLIST_KEY_NSHumanReadableCopyright = "";
				LD_RUNPATH_SEARCH_PATHS = (
					"$(inherited)",
					"@executable_path/Frameworks",
					"@executable_path/../../Frameworks",
				);
				MARKETING_VERSION = 1.0;
				PRODUCT_BUNDLE_IDENTIFIER = Desarrollo.DinamicIsland.WaitlistDemo;
				PRODUCT_NAME = "$(TARGET_NAME)";
				SKIP_INSTALL = YES;
				SWIFT_EMIT_LOC_STRINGS = YES;
				SWIFT_VERSION = 5.0;
				TARGETED_DEVICE_FAMILY = "1,2";
			};
			name = Debug;
		};
		7427EBF22DB952210085DF87 /* Release */ = {
			isa = XCBuildConfiguration;
			buildSettings = {
				ASSETCATALOG_COMPILER_GLOBAL_ACCENT_COLOR_NAME = AccentColor;
				ASSETCATALOG_COMPILER_WIDGET_BACKGROUND_COLOR_NAME = WidgetBackground;
				CODE_SIGN_STYLE = Automatic;
				CURRENT_PROJECT_VERSION = 1;
				DEVELOPMENT_TEAM = Q78S6VPV62;
				GENERATE_INFOPLIST_FILE = YES;
				INFOPLIST_FILE = WaitlistDemo/Info.plist;
				INFOPLIST_KEY_CFBundleDisplayName = WaitlistDemo;
				INFOPLIST_KEY_NSHumanReadableCopyright = "";
				LD_RUNPATH_SEARCH_PATHS = (
					"$(inherited)",
					"@executable_path/Frameworks",
					"@executable_path/../../Frameworks",
				);
				MARKETING_VERSION = 1.0;
				PRODUCT_BUNDLE_IDENTIFIER = Desarrollo.DinamicIsland.WaitlistDemo;
				PRODUCT_NAME = "$(TARGET_NAME)";
				SKIP_INSTALL = YES;
				SWIFT_EMIT_LOC_STRINGS = YES;
				SWIFT_VERSION = 5.0;
				TARGETED_DEVICE_FAMILY = "1,2";
			};
			name = Release;
		};
/* End XCBuildConfiguration section */

/* Begin XCConfigurationList section */
		7427EBC22DB951C10085DF87 /* Build configuration list for PBXProject "DinamicIsland" */ = {
			isa = XCConfigurationList;
			buildConfigurations = (
				7427EBD32DB951C30085DF87 /* Debug */,
				7427EBD42DB951C30085DF87 /* Release */,
			);
			defaultConfigurationIsVisible = 0;
			defaultConfigurationName = Release;
		};
		7427EBD52DB951C30085DF87 /* Build configuration list for PBXNativeTarget "DinamicIsland" */ = {
			isa = XCConfigurationList;
			buildConfigurations = (
				7427EBD62DB951C30085DF87 /* Debug */,
				7427EBD72DB951C30085DF87 /* Release */,
			);
			defaultConfigurationIsVisible = 0;
			defaultConfigurationName = Release;
		};
		7427EBF02DB952210085DF87 /* Build configuration list for PBXNativeTarget "WaitlistDemoExtension" */ = {
			isa = XCConfigurationList;
			buildConfigurations = (
				7427EBF12DB952210085DF87 /* Debug */,
				7427EBF22DB952210085DF87 /* Release */,
			);
			defaultConfigurationIsVisible = 0;
			defaultConfigurationName = Release;
		};
/* End XCConfigurationList section */
	};
	rootObject = 7427EBBF2DB951C10085DF87 /* Project object */;
}
